
Microsoft Visual Studio Solution File, Format Version 12.00
# Visual Studio Version 16
VisualStudioVersion = 25.0.1705.3
MinimumVisualStudioVersion = 10.0.40219.1
Project("{FAE04EC0-301F-11D3-BF4B-00C04F79EFBC}") = "home_3", "home_3\home_3.csproj", "{04E911EF-EFCD-4CD6-A4EA-5DBBD31669B1}"
EndProject
Global
	GlobalSection(SolutionConfigurationPlatforms) = preSolution
		Debug|Any CPU = Debug|Any CPU
		Release|Any CPU = Release|Any CPU
	EndGlobalSection
	GlobalSection(ProjectConfigurationPlatforms) = postSolution
		{04E911EF-EFCD-4CD6-A4EA-5DBBD31669B1}.Debug|Any CPU.ActiveCfg = Debug|Any CPU
		{04E911EF-EFCD-4CD6-A4EA-5DBBD31669B1}.Debug|Any CPU.Build.0 = Debug|Any CPU
		{04E911EF-EFCD-4CD6-A4EA-5DBBD31669B1}.Release|Any CPU.ActiveCfg = Release|Any CPU
		{04E911EF-EFCD-4CD6-A4EA-5DBBD31669B1}.Release|Any CPU.Build.0 = Release|Any CPU
	EndGlobalSection
	GlobalSection(SolutionProperties) = preSolution
		HideSolutionNode = FALSE
	EndGlobalSection
	GlobalSection(ExtensibilityGlobals) = postSolution
		SolutionGuid = {BB7434CF-35A9-4247-9E38-CCF69A6D511E}
	EndGlobalSection
EndGlobal
