
Microsoft Visual Studio Solution File, Format Version 12.00
# Visual Studio Version 16
VisualStudioVersion = 25.0.1705.3
MinimumVisualStudioVersion = 10.0.40219.1
Project("{FAE04EC0-301F-11D3-BF4B-00C04F79EFBC}") = "home_4", "home_4\home_4.csproj", "{15DA4D93-A465-491C-8872-DB068C29619C}"
EndProject
Global
	GlobalSection(SolutionConfigurationPlatforms) = preSolution
		Debug|Any CPU = Debug|Any CPU
		Release|Any CPU = Release|Any CPU
	EndGlobalSection
	GlobalSection(ProjectConfigurationPlatforms) = postSolution
		{15DA4D93-A465-491C-8872-DB068C29619C}.Debug|Any CPU.ActiveCfg = Debug|Any CPU
		{15DA4D93-A465-491C-8872-DB068C29619C}.Debug|Any CPU.Build.0 = Debug|Any CPU
		{15DA4D93-A465-491C-8872-DB068C29619C}.Release|Any CPU.ActiveCfg = Release|Any CPU
		{15DA4D93-A465-491C-8872-DB068C29619C}.Release|Any CPU.Build.0 = Release|Any CPU
	EndGlobalSection
	GlobalSection(SolutionProperties) = preSolution
		HideSolutionNode = FALSE
	EndGlobalSection
	GlobalSection(ExtensibilityGlobals) = postSolution
		SolutionGuid = {629FB6A0-A75D-467E-95ED-D287C739AD40}
	EndGlobalSection
EndGlobal
