
Microsoft Visual Studio Solution File, Format Version 12.00
# Visual Studio Version 16
VisualStudioVersion = 25.0.1705.3
MinimumVisualStudioVersion = 10.0.40219.1
Project("{FAE04EC0-301F-11D3-BF4B-00C04F79EFBC}") = "home_1", "home_1.csproj", "{216D2E3E-FF1B-4FCF-A457-134D6DBA1B61}"
EndProject
Global
	GlobalSection(SolutionConfigurationPlatforms) = preSolution
		Debug|Any CPU = Debug|Any CPU
		Release|Any CPU = Release|Any CPU
	EndGlobalSection
	GlobalSection(ProjectConfigurationPlatforms) = postSolution
		{216D2E3E-FF1B-4FCF-A457-134D6DBA1B61}.Debug|Any CPU.ActiveCfg = Debug|Any CPU
		{216D2E3E-FF1B-4FCF-A457-134D6DBA1B61}.Debug|Any CPU.Build.0 = Debug|Any CPU
		{216D2E3E-FF1B-4FCF-A457-134D6DBA1B61}.Release|Any CPU.ActiveCfg = Release|Any CPU
		{216D2E3E-FF1B-4FCF-A457-134D6DBA1B61}.Release|Any CPU.Build.0 = Release|Any CPU
	EndGlobalSection
	GlobalSection(SolutionProperties) = preSolution
		HideSolutionNode = FALSE
	EndGlobalSection
	GlobalSection(ExtensibilityGlobals) = postSolution
		SolutionGuid = {617C5EF3-94F9-4309-A183-26254AB1974F}
	EndGlobalSection
EndGlobal
