
Microsoft Visual Studio Solution File, Format Version 12.00
# Visual Studio Version 16
VisualStudioVersion = 25.0.1705.4
MinimumVisualStudioVersion = 10.0.40219.1
Project("{FAE04EC0-301F-11D3-BF4B-00C04F79EFBC}") = "Home_6", "Home\Home_6.csproj", "{BFBACBED-A306-4176-9D03-D45364D96FBB}"
EndProject
Global
	GlobalSection(SolutionConfigurationPlatforms) = preSolution
		Debug|Any CPU = Debug|Any CPU
		Release|Any CPU = Release|Any CPU
	EndGlobalSection
	GlobalSection(ProjectConfigurationPlatforms) = postSolution
		{BFBACBED-A306-4176-9D03-D45364D96FBB}.Debug|Any CPU.ActiveCfg = Debug|Any CPU
		{BFBACBED-A306-4176-9D03-D45364D96FBB}.Debug|Any CPU.Build.0 = Debug|Any CPU
		{BFBACBED-A306-4176-9D03-D45364D96FBB}.Release|Any CPU.ActiveCfg = Release|Any CPU
		{BFBACBED-A306-4176-9D03-D45364D96FBB}.Release|Any CPU.Build.0 = Release|Any CPU
	EndGlobalSection
	GlobalSection(SolutionProperties) = preSolution
		HideSolutionNode = FALSE
	EndGlobalSection
	GlobalSection(ExtensibilityGlobals) = postSolution
		SolutionGuid = {4D863215-0648-46F8-A6E7-D8298BE48349}
	EndGlobalSection
EndGlobal
